
Microsoft Visual Studio Solution File, Format Version 12.00
# Visual Studio Version 16
VisualStudioVersion = 16.0.31025.194
MinimumVisualStudioVersion = 10.0.40219.1
Project("{FAE04EC0-301F-11D3-BF4B-00C04F79EFBC}") = "CalculadoraWindowsForms", "CalculadoraWindowsForms\CalculadoraWindowsForms.csproj", "{A30FF28B-2302-4CC5-A741-22D619A9C4A7}"
EndProject
Global
	GlobalSection(SolutionConfigurationPlatforms) = preSolution
		Debug|Any CPU = Debug|Any CPU
		Release|Any CPU = Release|Any CPU
	EndGlobalSection
	GlobalSection(ProjectConfigurationPlatforms) = postSolution
		{A30FF28B-2302-4CC5-A741-22D619A9C4A7}.Debug|Any CPU.ActiveCfg = Debug|Any CPU
		{A30FF28B-2302-4CC5-A741-22D619A9C4A7}.Debug|Any CPU.Build.0 = Debug|Any CPU
		{A30FF28B-2302-4CC5-A741-22D619A9C4A7}.Release|Any CPU.ActiveCfg = Release|Any CPU
		{A30FF28B-2302-4CC5-A741-22D619A9C4A7}.Release|Any CPU.Build.0 = Release|Any CPU
	EndGlobalSection
	GlobalSection(SolutionProperties) = preSolution
		HideSolutionNode = FALSE
	EndGlobalSection
	GlobalSection(ExtensibilityGlobals) = postSolution
		SolutionGuid = {7CFC1288-A080-4E23-911F-0F019C466B3E}
	EndGlobalSection
EndGlobal
